// !$*UTF8*$!
{
	archiveVersion = 1;
	classes = {
	};
	objectVersion = 46;
	objects = {

/* Begin PBXBuildFile section */
		6D4BB3E21B0F646E0021301E /* HRToast+UIView.swift in Sources */ = {isa = PBXBuildFile; fileRef = 6D4BB3E11B0F646E0021301E /* HRToast+UIView.swift */; };
		6D4BB3E41B0F64AD0021301E /* OrderButton.swift in Sources */ = {isa = PBXBuildFile; fileRef = 6D4BB3E31B0F64AD0021301E /* OrderButton.swift */; };
		6D59E5171B0CCA8F006869CD /* ChannelController.swift in Sources */ = {isa = PBXBuildFile; fileRef = 6D59E5161B0CCA8F006869CD /* ChannelController.swift */; };
		6D59E51A1B0CE4D4006869CD /* Alamofire.swift in Sources */ = {isa = PBXBuildFile; fileRef = 6D59E5181B0CE4D4006869CD /* Alamofire.swift */; };
		6D59E51B1B0CE4D4006869CD /* SwiftyJSON.swift in Sources */ = {isa = PBXBuildFile; fileRef = 6D59E5191B0CE4D4006869CD /* SwiftyJSON.swift */; };
		6D59E51D1B0CE59D006869CD /* HTTPController.swift in Sources */ = {isa = PBXBuildFile; fileRef = 6D59E51C1B0CE59D006869CD /* HTTPController.swift */; };
		6D647BC01B0E614A000BB886 /* EkoButton.swift in Sources */ = {isa = PBXBuildFile; fileRef = 6D647BBF1B0E614A000BB886 /* EkoButton.swift */; };
		6DED78D01B0B78110078ECDC /* AppDelegate.swift in Sources */ = {isa = PBXBuildFile; fileRef = 6DED78CF1B0B78110078ECDC /* AppDelegate.swift */; };
		6DED78D21B0B78110078ECDC /* ViewController.swift in Sources */ = {isa = PBXBuildFile; fileRef = 6DED78D11B0B78110078ECDC /* ViewController.swift */; };
		6DED78D51B0B78110078ECDC /* Main.storyboard in Resources */ = {isa = PBXBuildFile; fileRef = 6DED78D31B0B78110078ECDC /* Main.storyboard */; };
		6DED78D71B0B78110078ECDC /* Images.xcassets in Resources */ = {isa = PBXBuildFile; fileRef = 6DED78D61B0B78110078ECDC /* Images.xcassets */; };
		6DED78DA1B0B78110078ECDC /* LaunchScreen.xib in Resources */ = {isa = PBXBuildFile; fileRef = 6DED78D81B0B78110078ECDC /* LaunchScreen.xib */; };
		6DED78E61B0B78110078ECDC /* DBFMTests.swift in Sources */ = {isa = PBXBuildFile; fileRef = 6DED78E51B0B78110078ECDC /* DBFMTests.swift */; };
		6DED78F01B0BAB1F0078ECDC /* EkoImage.swift in Sources */ = {isa = PBXBuildFile; fileRef = 6DED78EF1B0BAB1F0078ECDC /* EkoImage.swift */; };
/* End PBXBuildFile section */

/* Begin PBXContainerItemProxy section */
		6DED78E01B0B78110078ECDC /* PBXContainerItemProxy */ = {
			isa = PBXContainerItemProxy;
			containerPortal = 6DED78C21B0B78110078ECDC /* Project object */;
			proxyType = 1;
			remoteGlobalIDString = 6DED78C91B0B78110078ECDC;
			remoteInfo = DBFM;
		};
/* End PBXContainerItemProxy section */

/* Begin PBXFileReference section */
		6D4BB3E11B0F646E0021301E /* HRToast+UIView.swift */ = {isa = PBXFileReference; fileEncoding = 4; lastKnownFileType = sourcecode.swift; path = "HRToast+UIView.swift"; sourceTree = "<group>"; };
		6D4BB3E31B0F64AD0021301E /* OrderButton.swift */ = {isa = PBXFileReference; fileEncoding = 4; lastKnownFileType = sourcecode.swift; path = OrderButton.swift; sourceTree = "<group>"; };
		6D59E5161B0CCA8F006869CD /* ChannelController.swift */ = {isa = PBXFileReference; fileEncoding = 4; lastKnownFileType = sourcecode.swift; path = ChannelController.swift; sourceTree = "<group>"; };
		6D59E5181B0CE4D4006869CD /* Alamofire.swift */ = {isa = PBXFileReference; fileEncoding = 4; lastKnownFileType = sourcecode.swift; path = Alamofire.swift; sourceTree = "<group>"; };
		6D59E5191B0CE4D4006869CD /* SwiftyJSON.swift */ = {isa = PBXFileReference; fileEncoding = 4; lastKnownFileType = sourcecode.swift; path = SwiftyJSON.swift; sourceTree = "<group>"; };
		6D59E51C1B0CE59D006869CD /* HTTPController.swift */ = {isa = PBXFileReference; fileEncoding = 4; lastKnownFileType = sourcecode.swift; path = HTTPController.swift; sourceTree = "<group>"; };
		6D647BBF1B0E614A000BB886 /* EkoButton.swift */ = {isa = PBXFileReference; fileEncoding = 4; lastKnownFileType = sourcecode.swift; path = EkoButton.swift; sourceTree = "<group>"; };
		6DED78CA1B0B78110078ECDC /* DBFM.app */ = {isa = PBXFileReference; explicitFileType = wrapper.application; includeInIndex = 0; path = DBFM.app; sourceTree = BUILT_PRODUCTS_DIR; };
		6DED78CE1B0B78110078ECDC /* Info.plist */ = {isa = PBXFileReference; lastKnownFileType = text.plist.xml; path = Info.plist; sourceTree = "<group>"; };
		6DED78CF1B0B78110078ECDC /* AppDelegate.swift */ = {isa = PBXFileReference; lastKnownFileType = sourcecode.swift; path = AppDelegate.swift; sourceTree = "<group>"; };
		6DED78D11B0B78110078ECDC /* ViewController.swift */ = {isa = PBXFileReference; lastKnownFileType = sourcecode.swift; path = ViewController.swift; sourceTree = "<group>"; };
		6DED78D41B0B78110078ECDC /* Base */ = {isa = PBXFileReference; lastKnownFileType = file.storyboard; name = Base; path = Base.lproj/Main.storyboard; sourceTree = "<group>"; };
		6DED78D61B0B78110078ECDC /* Images.xcassets */ = {isa = PBXFileReference; lastKnownFileType = folder.assetcatalog; path = Images.xcassets; sourceTree = "<group>"; };
		6DED78D91B0B78110078ECDC /* Base */ = {isa = PBXFileReference; lastKnownFileType = file.xib; name = Base; path = Base.lproj/LaunchScreen.xib; sourceTree = "<group>"; };
		6DED78DF1B0B78110078ECDC /* DBFMTests.xctest */ = {isa = PBXFileReference; explicitFileType = wrapper.cfbundle; includeInIndex = 0; path = DBFMTests.xctest; sourceTree = BUILT_PRODUCTS_DIR; };
		6DED78E41B0B78110078ECDC /* Info.plist */ = {isa = PBXFileReference; lastKnownFileType = text.plist.xml; path = Info.plist; sourceTree = "<group>"; };
		6DED78E51B0B78110078ECDC /* DBFMTests.swift */ = {isa = PBXFileReference; lastKnownFileType = sourcecode.swift; path = DBFMTests.swift; sourceTree = "<group>"; };
		6DED78EF1B0BAB1F0078ECDC /* EkoImage.swift */ = {isa = PBXFileReference; fileEncoding = 4; lastKnownFileType = sourcecode.swift; path = EkoImage.swift; sourceTree = "<group>"; };
/* End PBXFileReference section */

/* Begin PBXFrameworksBuildPhase section */
		6DED78C71B0B78110078ECDC /* Frameworks */ = {
			isa = PBXFrameworksBuildPhase;
			buildActionMask = 2147483647;
			files = (
			);
			runOnlyForDeploymentPostprocessing = 0;
		};
		6DED78DC1B0B78110078ECDC /* Frameworks */ = {
			isa = PBXFrameworksBuildPhase;
			buildActionMask = 2147483647;
			files = (
			);
			runOnlyForDeploymentPostprocessing = 0;
		};
/* End PBXFrameworksBuildPhase section */

/* Begin PBXGroup section */
		6DED78C11B0B78110078ECDC = {
			isa = PBXGroup;
			children = (
				6DED78CC1B0B78110078ECDC /* DBFM */,
				6DED78E21B0B78110078ECDC /* DBFMTests */,
				6DED78CB1B0B78110078ECDC /* Products */,
			);
			sourceTree = "<group>";
		};
		6DED78CB1B0B78110078ECDC /* Products */ = {
			isa = PBXGroup;
			children = (
				6DED78CA1B0B78110078ECDC /* DBFM.app */,
				6DED78DF1B0B78110078ECDC /* DBFMTests.xctest */,
			);
			name = Products;
			sourceTree = "<group>";
		};
		6DED78CC1B0B78110078ECDC /* DBFM */ = {
			isa = PBXGroup;
			children = (
				6DED78CF1B0B78110078ECDC /* AppDelegate.swift */,
				6D4BB3E31B0F64AD0021301E /* OrderButton.swift */,
				6D647BBF1B0E614A000BB886 /* EkoButton.swift */,
				6DED78D11B0B78110078ECDC /* ViewController.swift */,
				6D59E5161B0CCA8F006869CD /* ChannelController.swift */,
				6D59E51C1B0CE59D006869CD /* HTTPController.swift */,
				6DED78D31B0B78110078ECDC /* Main.storyboard */,
				6D59E5181B0CE4D4006869CD /* Alamofire.swift */,
				6D59E5191B0CE4D4006869CD /* SwiftyJSON.swift */,
				6D4BB3E11B0F646E0021301E /* HRToast+UIView.swift */,
				6DED78EF1B0BAB1F0078ECDC /* EkoImage.swift */,
				6DED78D61B0B78110078ECDC /* Images.xcassets */,
				6DED78D81B0B78110078ECDC /* LaunchScreen.xib */,
				6DED78CD1B0B78110078ECDC /* Supporting Files */,
			);
			path = DBFM;
			sourceTree = "<group>";
		};
		6DED78CD1B0B78110078ECDC /* Supporting Files */ = {
			isa = PBXGroup;
			children = (
				6DED78CE1B0B78110078ECDC /* Info.plist */,
			);
			name = "Supporting Files";
			sourceTree = "<group>";
		};
		6DED78E21B0B78110078ECDC /* DBFMTests */ = {
			isa = PBXGroup;
			children = (
				6DED78E51B0B78110078ECDC /* DBFMTests.swift */,
				6DED78E31B0B78110078ECDC /* Supporting Files */,
			);
			path = DBFMTests;
			sourceTree = "<group>";
		};
		6DED78E31B0B78110078ECDC /* Supporting Files */ = {
			isa = PBXGroup;
			children = (
				6DED78E41B0B78110078ECDC /* Info.plist */,
			);
			name = "Supporting Files";
			sourceTree = "<group>";
		};
/* End PBXGroup section */

/* Begin PBXNativeTarget section */
		6DED78C91B0B78110078ECDC /* DBFM */ = {
			isa = PBXNativeTarget;
			buildConfigurationList = 6DED78E91B0B78110078ECDC /* Build configuration list for PBXNativeTarget "DBFM" */;
			buildPhases = (
				6DED78C61B0B78110078ECDC /* Sources */,
				6DED78C71B0B78110078ECDC /* Frameworks */,
				6DED78C81B0B78110078ECDC /* Resources */,
			);
			buildRules = (
			);
			dependencies = (
			);
			name = DBFM;
			productName = DBFM;
			productReference = 6DED78CA1B0B78110078ECDC /* DBFM.app */;
			productType = "com.apple.product-type.application";
		};
		6DED78DE1B0B78110078ECDC /* DBFMTests */ = {
			isa = PBXNativeTarget;
			buildConfigurationList = 6DED78EC1B0B78110078ECDC /* Build configuration list for PBXNativeTarget "DBFMTests" */;
			buildPhases = (
				6DED78DB1B0B78110078ECDC /* Sources */,
				6DED78DC1B0B78110078ECDC /* Frameworks */,
				6DED78DD1B0B78110078ECDC /* Resources */,
			);
			buildRules = (
			);
			dependencies = (
				6DED78E11B0B78110078ECDC /* PBXTargetDependency */,
			);
			name = DBFMTests;
			productName = DBFMTests;
			productReference = 6DED78DF1B0B78110078ECDC /* DBFMTests.xctest */;
			productType = "com.apple.product-type.bundle.unit-test";
		};
/* End PBXNativeTarget section */

/* Begin PBXProject section */
		6DED78C21B0B78110078ECDC /* Project object */ = {
			isa = PBXProject;
			attributes = {
				LastUpgradeCheck = 0630;
				ORGANIZATIONNAME = javasunboy;
				TargetAttributes = {
					6DED78C91B0B78110078ECDC = {
						CreatedOnToolsVersion = 6.3.1;
					};
					6DED78DE1B0B78110078ECDC = {
						CreatedOnToolsVersion = 6.3.1;
						TestTargetID = 6DED78C91B0B78110078ECDC;
					};
				};
			};
			buildConfigurationList = 6DED78C51B0B78110078ECDC /* Build configuration list for PBXProject "DBFM" */;
			compatibilityVersion = "Xcode 3.2";
			developmentRegion = English;
			hasScannedForEncodings = 0;
			knownRegions = (
				en,
				Base,
			);
			mainGroup = 6DED78C11B0B78110078ECDC;
			productRefGroup = 6DED78CB1B0B78110078ECDC /* Products */;
			projectDirPath = "";
			projectRoot = "";
			targets = (
				6DED78C91B0B78110078ECDC /* DBFM */,
				6DED78DE1B0B78110078ECDC /* DBFMTests */,
			);
		};
/* End PBXProject section */

/* Begin PBXResourcesBuildPhase section */
		6DED78C81B0B78110078ECDC /* Resources */ = {
			isa = PBXResourcesBuildPhase;
			buildActionMask = 2147483647;
			files = (
				6DED78D51B0B78110078ECDC /* Main.storyboard in Resources */,
				6DED78DA1B0B78110078ECDC /* LaunchScreen.xib in Resources */,
				6DED78D71B0B78110078ECDC /* Images.xcassets in Resources */,
			);
			runOnlyForDeploymentPostprocessing = 0;
		};
		6DED78DD1B0B78110078ECDC /* Resources */ = {
			isa = PBXResourcesBuildPhase;
			buildActionMask = 2147483647;
			files = (
			);
			runOnlyForDeploymentPostprocessing = 0;
		};
/* End PBXResourcesBuildPhase section */

/* Begin PBXSourcesBuildPhase section */
		6DED78C61B0B78110078ECDC /* Sources */ = {
			isa = PBXSourcesBuildPhase;
			buildActionMask = 2147483647;
			files = (
				6DED78F01B0BAB1F0078ECDC /* EkoImage.swift in Sources */,
				6D59E51D1B0CE59D006869CD /* HTTPController.swift in Sources */,
				6D59E51A1B0CE4D4006869CD /* Alamofire.swift in Sources */,
				6DED78D21B0B78110078ECDC /* ViewController.swift in Sources */,
				6D59E51B1B0CE4D4006869CD /* SwiftyJSON.swift in Sources */,
				6D4BB3E21B0F646E0021301E /* HRToast+UIView.swift in Sources */,
				6D647BC01B0E614A000BB886 /* EkoButton.swift in Sources */,
				6DED78D01B0B78110078ECDC /* AppDelegate.swift in Sources */,
				6D4BB3E41B0F64AD0021301E /* OrderButton.swift in Sources */,
				6D59E5171B0CCA8F006869CD /* ChannelController.swift in Sources */,
			);
			runOnlyForDeploymentPostprocessing = 0;
		};
		6DED78DB1B0B78110078ECDC /* Sources */ = {
			isa = PBXSourcesBuildPhase;
			buildActionMask = 2147483647;
			files = (
				6DED78E61B0B78110078ECDC /* DBFMTests.swift in Sources */,
			);
			runOnlyForDeploymentPostprocessing = 0;
		};
/* End PBXSourcesBuildPhase section */

/* Begin PBXTargetDependency section */
		6DED78E11B0B78110078ECDC /* PBXTargetDependency */ = {
			isa = PBXTargetDependency;
			target = 6DED78C91B0B78110078ECDC /* DBFM */;
			targetProxy = 6DED78E01B0B78110078ECDC /* PBXContainerItemProxy */;
		};
/* End PBXTargetDependency section */

/* Begin PBXVariantGroup section */
		6DED78D31B0B78110078ECDC /* Main.storyboard */ = {
			isa = PBXVariantGroup;
			children = (
				6DED78D41B0B78110078ECDC /* Base */,
			);
			name = Main.storyboard;
			sourceTree = "<group>";
		};
		6DED78D81B0B78110078ECDC /* LaunchScreen.xib */ = {
			isa = PBXVariantGroup;
			children = (
				6DED78D91B0B78110078ECDC /* Base */,
			);
			name = LaunchScreen.xib;
			sourceTree = "<group>";
		};
/* End PBXVariantGroup section */

/* Begin XCBuildConfiguration section */
		6DED78E71B0B78110078ECDC /* Debug */ = {
			isa = XCBuildConfiguration;
			buildSettings = {
				ALWAYS_SEARCH_USER_PATHS = NO;
				CLANG_CXX_LANGUAGE_STANDARD = "gnu++0x";
				CLANG_CXX_LIBRARY = "libc++";
				CLANG_ENABLE_MODULES = YES;
				CLANG_ENABLE_OBJC_ARC = YES;
				CLANG_WARN_BOOL_CONVERSION = YES;
				CLANG_WARN_CONSTANT_CONVERSION = YES;
				CLANG_WARN_DIRECT_OBJC_ISA_USAGE = YES_ERROR;
				CLANG_WARN_EMPTY_BODY = YES;
				CLANG_WARN_ENUM_CONVERSION = YES;
				CLANG_WARN_INT_CONVERSION = YES;
				CLANG_WARN_OBJC_ROOT_CLASS = YES_ERROR;
				CLANG_WARN_UNREACHABLE_CODE = YES;
				CLANG_WARN__DUPLICATE_METHOD_MATCH = YES;
				"CODE_SIGN_IDENTITY[sdk=iphoneos*]" = "iPhone Developer";
				COPY_PHASE_STRIP = NO;
				DEBUG_INFORMATION_FORMAT = "dwarf-with-dsym";
				ENABLE_STRICT_OBJC_MSGSEND = YES;
				GCC_C_LANGUAGE_STANDARD = gnu99;
				GCC_DYNAMIC_NO_PIC = NO;
				GCC_NO_COMMON_BLOCKS = YES;
				GCC_OPTIMIZATION_LEVEL = 0;
				GCC_PREPROCESSOR_DEFINITIONS = (
					"DEBUG=1",
					"$(inherited)",
				);
				GCC_SYMBOLS_PRIVATE_EXTERN = NO;
				GCC_WARN_64_TO_32_BIT_CONVERSION = YES;
				GCC_WARN_ABOUT_RETURN_TYPE = YES_ERROR;
				GCC_WARN_UNDECLARED_SELECTOR = YES;
				GCC_WARN_UNINITIALIZED_AUTOS = YES_AGGRESSIVE;
				GCC_WARN_UNUSED_FUNCTION = YES;
				GCC_WARN_UNUSED_VARIABLE = YES;
				IPHONEOS_DEPLOYMENT_TARGET = 8.3;
				MTL_ENABLE_DEBUG_INFO = YES;
				ONLY_ACTIVE_ARCH = YES;
				SDKROOT = iphoneos;
				SWIFT_OPTIMIZATION_LEVEL = "-Onone";
			};
			name = Debug;
		};
		6DED78E81B0B78110078ECDC /* Release */ = {
			isa = XCBuildConfiguration;
			buildSettings = {
				ALWAYS_SEARCH_USER_PATHS = NO;
				CLANG_CXX_LANGUAGE_STANDARD = "gnu++0x";
				CLANG_CXX_LIBRARY = "libc++";
				CLANG_ENABLE_MODULES = YES;
				CLANG_ENABLE_OBJC_ARC = YES;
				CLANG_WARN_BOOL_CONVERSION = YES;
				CLANG_WARN_CONSTANT_CONVERSION = YES;
				CLANG_WARN_DIRECT_OBJC_ISA_USAGE = YES_ERROR;
				CLANG_WARN_EMPTY_BODY = YES;
				CLANG_WARN_ENUM_CONVERSION = YES;
				CLANG_WARN_INT_CONVERSION = YES;
				CLANG_WARN_OBJC_ROOT_CLASS = YES_ERROR;
				CLANG_WARN_UNREACHABLE_CODE = YES;
				CLANG_WARN__DUPLICATE_METHOD_MATCH = YES;
				"CODE_SIGN_IDENTITY[sdk=iphoneos*]" = "iPhone Developer";
				COPY_PHASE_STRIP = NO;
				DEBUG_INFORMATION_FORMAT = "dwarf-with-dsym";
				ENABLE_NS_ASSERTIONS = NO;
				ENABLE_STRICT_OBJC_MSGSEND = YES;
				GCC_C_LANGUAGE_STANDARD = gnu99;
				GCC_NO_COMMON_BLOCKS = YES;
				GCC_WARN_64_TO_32_BIT_CONVERSION = YES;
				GCC_WARN_ABOUT_RETURN_TYPE = YES_ERROR;
				GCC_WARN_UNDECLARED_SELECTOR = YES;
				GCC_WARN_UNINITIALIZED_AUTOS = YES_AGGRESSIVE;
				GCC_WARN_UNUSED_FUNCTION = YES;
				GCC_WARN_UNUSED_VARIABLE = YES;
				IPHONEOS_DEPLOYMENT_TARGET = 8.3;
				MTL_ENABLE_DEBUG_INFO = NO;
				SDKROOT = iphoneos;
				VALIDATE_PRODUCT = YES;
			};
			name = Release;
		};
		6DED78EA1B0B78110078ECDC /* Debug */ = {
			isa = XCBuildConfiguration;
			buildSettings = {
				ASSETCATALOG_COMPILER_APPICON_NAME = AppIcon;
				INFOPLIST_FILE = DBFM/Info.plist;
				LD_RUNPATH_SEARCH_PATHS = "$(inherited) @executable_path/Frameworks";
				PRODUCT_NAME = "$(TARGET_NAME)";
			};
			name = Debug;
		};
		6DED78EB1B0B78110078ECDC /* Release */ = {
			isa = XCBuildConfiguration;
			buildSettings = {
				ASSETCATALOG_COMPILER_APPICON_NAME = AppIcon;
				INFOPLIST_FILE = DBFM/Info.plist;
				LD_RUNPATH_SEARCH_PATHS = "$(inherited) @executable_path/Frameworks";
				PRODUCT_NAME = "$(TARGET_NAME)";
			};
			name = Release;
		};
		6DED78ED1B0B78110078ECDC /* Debug */ = {
			isa = XCBuildConfiguration;
			buildSettings = {
				BUNDLE_LOADER = "$(TEST_HOST)";
				FRAMEWORK_SEARCH_PATHS = (
					"$(SDKROOT)/Developer/Library/Frameworks",
					"$(inherited)",
				);
				GCC_PREPROCESSOR_DEFINITIONS = (
					"DEBUG=1",
					"$(inherited)",
				);
				INFOPLIST_FILE = DBFMTests/Info.plist;
				LD_RUNPATH_SEARCH_PATHS = "$(inherited) @executable_path/Frameworks @loader_path/Frameworks";
				PRODUCT_NAME = "$(TARGET_NAME)";
				TEST_HOST = "$(BUILT_PRODUCTS_DIR)/DBFM.app/DBFM";
			};
			name = Debug;
		};
		6DED78EE1B0B78110078ECDC /* Release */ = {
			isa = XCBuildConfiguration;
			buildSettings = {
				BUNDLE_LOADER = "$(TEST_HOST)";
				FRAMEWORK_SEARCH_PATHS = (
					"$(SDKROOT)/Developer/Library/Frameworks",
					"$(inherited)",
				);
				INFOPLIST_FILE = DBFMTests/Info.plist;
				LD_RUNPATH_SEARCH_PATHS = "$(inherited) @executable_path/Frameworks @loader_path/Frameworks";
				PRODUCT_NAME = "$(TARGET_NAME)";
				TEST_HOST = "$(BUILT_PRODUCTS_DIR)/DBFM.app/DBFM";
			};
			name = Release;
		};
/* End XCBuildConfiguration section */

/* Begin XCConfigurationList section */
		6DED78C51B0B78110078ECDC /* Build configuration list for PBXProject "DBFM" */ = {
			isa = XCConfigurationList;
			buildConfigurations = (
				6DED78E71B0B78110078ECDC /* Debug */,
				6DED78E81B0B78110078ECDC /* Release */,
			);
			defaultConfigurationIsVisible = 0;
			defaultConfigurationName = Release;
		};
		6DED78E91B0B78110078ECDC /* Build configuration list for PBXNativeTarget "DBFM" */ = {
			isa = XCConfigurationList;
			buildConfigurations = (
				6DED78EA1B0B78110078ECDC /* Debug */,
				6DED78EB1B0B78110078ECDC /* Release */,
			);
			defaultConfigurationIsVisible = 0;
			defaultConfigurationName = Release;
		};
		6DED78EC1B0B78110078ECDC /* Build configuration list for PBXNativeTarget "DBFMTests" */ = {
			isa = XCConfigurationList;
			buildConfigurations = (
				6DED78ED1B0B78110078ECDC /* Debug */,
				6DED78EE1B0B78110078ECDC /* Release */,
			);
			defaultConfigurationIsVisible = 0;
			defaultConfigurationName = Release;
		};
/* End XCConfigurationList section */
	};
	rootObject = 6DED78C21B0B78110078ECDC /* Project object */;
}
